Microsoft Visual Studio Solution File, Format Version 12.00
# Visual Studio Version 17
VisualStudioVersion = 17.5.2.0
MinimumVisualStudioVersion = 10.0.40219.1
Project("{FAE04EC0-301F-11D3-BF4B-00C04F79EFBC}") = "ex09-gestao_livros_sqlite", "ex09-gestao_livros_sqlite.csproj", "{2B744432-D766-E79A-8635-EF836E80D39F}"
EndProject
Global
	GlobalSection(SolutionConfigurationPlatforms) = preSolution
		Debug|Any CPU = Debug|Any CPU
		Release|Any CPU = Release|Any CPU
	EndGlobalSection
	GlobalSection(ProjectConfigurationPlatforms) = postSolution
		{2B744432-D766-E79A-8635-EF836E80D39F}.Debug|Any CPU.ActiveCfg = Debug|Any CPU
		{2B744432-D766-E79A-8635-EF836E80D39F}.Debug|Any CPU.Build.0 = Debug|Any CPU
		{2B744432-D766-E79A-8635-EF836E80D39F}.Release|Any CPU.ActiveCfg = Release|Any CPU
		{2B744432-D766-E79A-8635-EF836E80D39F}.Release|Any CPU.Build.0 = Release|Any CPU
	EndGlobalSection
	GlobalSection(SolutionProperties) = preSolution
		HideSolutionNode = FALSE
	EndGlobalSection
	GlobalSection(ExtensibilityGlobals) = postSolution
		SolutionGuid = {70CDE994-FDA7-43CD-B3A0-4EE1945FA244}
	EndGlobalSection
EndGlobal
