Microsoft Visual Studio Solution File, Format Version 12.00
# Visual Studio Version 17
VisualStudioVersion = 17.5.2.0
MinimumVisualStudioVersion = 10.0.40219.1
Project("{FAE04EC0-301F-11D3-BF4B-00C04F79EFBC}") = "exercicios_C#", "exercicios_C#.csproj", "{652514BF-A364-5B5E-2419-C0C7728A99BA}"
EndProject
Global
	GlobalSection(SolutionConfigurationPlatforms) = preSolution
		Debug|Any CPU = Debug|Any CPU
		Release|Any CPU = Release|Any CPU
	EndGlobalSection
	GlobalSection(ProjectConfigurationPlatforms) = postSolution
		{652514BF-A364-5B5E-2419-C0C7728A99BA}.Debug|Any CPU.ActiveCfg = Debug|Any CPU
		{652514BF-A364-5B5E-2419-C0C7728A99BA}.Debug|Any CPU.Build.0 = Debug|Any CPU
		{652514BF-A364-5B5E-2419-C0C7728A99BA}.Release|Any CPU.ActiveCfg = Release|Any CPU
		{652514BF-A364-5B5E-2419-C0C7728A99BA}.Release|Any CPU.Build.0 = Release|Any CPU
	EndGlobalSection
	GlobalSection(SolutionProperties) = preSolution
		HideSolutionNode = FALSE
	EndGlobalSection
	GlobalSection(ExtensibilityGlobals) = postSolution
		SolutionGuid = {59234CF6-6883-4FD0-955E-17AEC84A330D}
	EndGlobalSection
EndGlobal
