Microsoft Visual Studio Solution File, Format Version 12.00
# Visual Studio Version 17
VisualStudioVersion = 17.5.2.0
MinimumVisualStudioVersion = 10.0.40219.1
Project("{FAE04EC0-301F-11D3-BF4B-00C04F79EFBC}") = "ex12-listadecontatos_sqlite_CRUD", "ex12-listadecontatos_sqlite_CRUD.csproj", "{BE03E997-1A21-1975-ADF0-38B23CCA259D}"
EndProject
Global
	GlobalSection(SolutionConfigurationPlatforms) = preSolution
		Debug|Any CPU = Debug|Any CPU
		Release|Any CPU = Release|Any CPU
	EndGlobalSection
	GlobalSection(ProjectConfigurationPlatforms) = postSolution
		{BE03E997-1A21-1975-ADF0-38B23CCA259D}.Debug|Any CPU.ActiveCfg = Debug|Any CPU
		{BE03E997-1A21-1975-ADF0-38B23CCA259D}.Debug|Any CPU.Build.0 = Debug|Any CPU
		{BE03E997-1A21-1975-ADF0-38B23CCA259D}.Release|Any CPU.ActiveCfg = Release|Any CPU
		{BE03E997-1A21-1975-ADF0-38B23CCA259D}.Release|Any CPU.Build.0 = Release|Any CPU
	EndGlobalSection
	GlobalSection(SolutionProperties) = preSolution
		HideSolutionNode = FALSE
	EndGlobalSection
	GlobalSection(ExtensibilityGlobals) = postSolution
		SolutionGuid = {D9087330-8681-461A-BBED-4644873E1223}
	EndGlobalSection
EndGlobal
